
Microsoft Visual Studio Solution File, Format Version 12.00
# Visual Studio 11
Project("{FAE04EC0-301F-11D3-BF4B-00C04F79EFBC}") = "TestingSharedClasses", "TestingSharedClasses\TestingSharedClasses.csproj", "{F136C873-F2D5-400F-AACE-55861A565EEF}"
EndProject
Project("{FAE04EC0-301F-11D3-BF4B-00C04F79EFBC}") = "NetworkInteropSerializedClasses", "..\SharedClasses\NetworkInteropSerializedClasses\NetworkInteropSerializedClasses.csproj", "{7B476AA3-570A-48FD-80EC-53395E170080}"
EndProject
Project("{FAE04EC0-301F-11D3-BF4B-00C04F79EFBC}") = "InlineCommandToolkit", "..\QuickAccess\InlineCommandToolkit\InlineCommandToolkit.csproj", "{3F73ECE5-851E-4C02-AC70-37C0F92783AD}"
EndProject
Global
	GlobalSection(SolutionConfigurationPlatforms) = preSolution
		Debug|Any CPU = Debug|Any CPU
		Debug|x64 = Debug|x64
		Debug|x86 = Debug|x86
		Release|Any CPU = Release|Any CPU
		Release|x64 = Release|x64
		Release|x86 = Release|x86
	EndGlobalSection
	GlobalSection(ProjectConfigurationPlatforms) = postSolution
		{3F73ECE5-851E-4C02-AC70-37C0F92783AD}.Debug|Any CPU.ActiveCfg = Debug|Any CPU
		{3F73ECE5-851E-4C02-AC70-37C0F92783AD}.Debug|Any CPU.Build.0 = Debug|Any CPU
		{3F73ECE5-851E-4C02-AC70-37C0F92783AD}.Debug|x64.ActiveCfg = Debug|x64
		{3F73ECE5-851E-4C02-AC70-37C0F92783AD}.Debug|x64.Build.0 = Debug|x64
		{3F73ECE5-851E-4C02-AC70-37C0F92783AD}.Debug|x86.ActiveCfg = Debug|x86
		{3F73ECE5-851E-4C02-AC70-37C0F92783AD}.Debug|x86.Build.0 = Debug|x86
		{3F73ECE5-851E-4C02-AC70-37C0F92783AD}.Release|Any CPU.ActiveCfg = Release|Any CPU
		{3F73ECE5-851E-4C02-AC70-37C0F92783AD}.Release|Any CPU.Build.0 = Release|Any CPU
		{3F73ECE5-851E-4C02-AC70-37C0F92783AD}.Release|x64.ActiveCfg = Release|x64
		{3F73ECE5-851E-4C02-AC70-37C0F92783AD}.Release|x64.Build.0 = Release|x64
		{3F73ECE5-851E-4C02-AC70-37C0F92783AD}.Release|x86.ActiveCfg = Release|x86
		{3F73ECE5-851E-4C02-AC70-37C0F92783AD}.Release|x86.Build.0 = Release|x86
		{7B476AA3-570A-48FD-80EC-53395E170080}.Debug|Any CPU.ActiveCfg = Debug|Any CPU
		{7B476AA3-570A-48FD-80EC-53395E170080}.Debug|Any CPU.Build.0 = Debug|Any CPU
		{7B476AA3-570A-48FD-80EC-53395E170080}.Debug|x64.ActiveCfg = Debug|x64
		{7B476AA3-570A-48FD-80EC-53395E170080}.Debug|x64.Build.0 = Debug|x64
		{7B476AA3-570A-48FD-80EC-53395E170080}.Debug|x86.ActiveCfg = Debug|x86
		{7B476AA3-570A-48FD-80EC-53395E170080}.Debug|x86.Build.0 = Debug|x86
		{7B476AA3-570A-48FD-80EC-53395E170080}.Release|Any CPU.ActiveCfg = Release|Any CPU
		{7B476AA3-570A-48FD-80EC-53395E170080}.Release|Any CPU.Build.0 = Release|Any CPU
		{7B476AA3-570A-48FD-80EC-53395E170080}.Release|x64.ActiveCfg = Release|x64
		{7B476AA3-570A-48FD-80EC-53395E170080}.Release|x64.Build.0 = Release|x64
		{7B476AA3-570A-48FD-80EC-53395E170080}.Release|x86.ActiveCfg = Release|x86
		{7B476AA3-570A-48FD-80EC-53395E170080}.Release|x86.Build.0 = Release|x86
		{F136C873-F2D5-400F-AACE-55861A565EEF}.Debug|Any CPU.ActiveCfg = Debug|Any CPU
		{F136C873-F2D5-400F-AACE-55861A565EEF}.Debug|Any CPU.Build.0 = Debug|Any CPU
		{F136C873-F2D5-400F-AACE-55861A565EEF}.Debug|x64.ActiveCfg = Debug|x86
		{F136C873-F2D5-400F-AACE-55861A565EEF}.Debug|x86.ActiveCfg = Debug|x86
		{F136C873-F2D5-400F-AACE-55861A565EEF}.Debug|x86.Build.0 = Debug|x86
		{F136C873-F2D5-400F-AACE-55861A565EEF}.Release|Any CPU.ActiveCfg = Release|Any CPU
		{F136C873-F2D5-400F-AACE-55861A565EEF}.Release|Any CPU.Build.0 = Release|Any CPU
		{F136C873-F2D5-400F-AACE-55861A565EEF}.Release|x64.ActiveCfg = Release|x86
		{F136C873-F2D5-400F-AACE-55861A565EEF}.Release|x86.ActiveCfg = Release|x86
		{F136C873-F2D5-400F-AACE-55861A565EEF}.Release|x86.Build.0 = Release|x86
	EndGlobalSection
	GlobalSection(SolutionProperties) = preSolution
		HideSolutionNode = FALSE
	EndGlobalSection
EndGlobal
